
Microsoft Visual Studio Solution File, Format Version 12.00
# Visual Studio Express 2012 for Windows Desktop
Project("{FAE04EC0-301F-11D3-BF4B-00C04F79EFBC}") = "UIserviceLayerWinForms", "UIserviceLayerWinForms\UIserviceLayerWinForms.csproj", "{1FFA2419-442A-4E8F-829C-6AC5DF72F28B}"
EndProject
Project("{FAE04EC0-301F-11D3-BF4B-00C04F79EFBC}") = "testing", "testing\testing.csproj", "{CA7E6755-C450-4FEF-94A3-79DC5C583A8B}"
EndProject
Global
	GlobalSection(SolutionConfigurationPlatforms) = preSolution
		Debug|Any CPU = Debug|Any CPU
		Release|Any CPU = Release|Any CPU
	EndGlobalSection
	GlobalSection(ProjectConfigurationPlatforms) = postSolution
		{1FFA2419-442A-4E8F-829C-6AC5DF72F28B}.Debug|Any CPU.ActiveCfg = Debug|Any CPU
		{1FFA2419-442A-4E8F-829C-6AC5DF72F28B}.Debug|Any CPU.Build.0 = Debug|Any CPU
		{1FFA2419-442A-4E8F-829C-6AC5DF72F28B}.Release|Any CPU.ActiveCfg = Release|Any CPU
		{1FFA2419-442A-4E8F-829C-6AC5DF72F28B}.Release|Any CPU.Build.0 = Release|Any CPU
		{CA7E6755-C450-4FEF-94A3-79DC5C583A8B}.Debug|Any CPU.ActiveCfg = Debug|Any CPU
		{CA7E6755-C450-4FEF-94A3-79DC5C583A8B}.Debug|Any CPU.Build.0 = Debug|Any CPU
		{CA7E6755-C450-4FEF-94A3-79DC5C583A8B}.Release|Any CPU.ActiveCfg = Release|Any CPU
		{CA7E6755-C450-4FEF-94A3-79DC5C583A8B}.Release|Any CPU.Build.0 = Release|Any CPU
	EndGlobalSection
	GlobalSection(SolutionProperties) = preSolution
		HideSolutionNode = FALSE
	EndGlobalSection
EndGlobal
